// !$*UTF8*$!
{
	archiveVersion = 1;
	classes = {
	};
	objectVersion = 50;
	objects = {

/* Begin PBXBuildFile section */
		32CCE6E6DCB74C3428CF281E /* libPods-YYWebImageNoteTests.a in Frameworks */ = {isa = PBXBuildFile; fileRef = B99745CFADBEE5FFB2514F53 /* libPods-YYWebImageNoteTests.a */; };
		5A4C8648888E1DAF94AAF56C /* libPods-YYWebImageNote.a in Frameworks */ = {isa = PBXBuildFile; fileRef = 80F46CFCDA3B97EC43D7C6C8 /* libPods-YYWebImageNote.a */; };
		EB5EDD4B20C233DF00004A53 /* AppDelegate.m in Sources */ = {isa = PBXBuildFile; fileRef = EB5EDD4A20C233DF00004A53 /* AppDelegate.m */; };
		EB5EDD4E20C233DF00004A53 /* ViewController.m in Sources */ = {isa = PBXBuildFile; fileRef = EB5EDD4D20C233DF00004A53 /* ViewController.m */; };
		EB5EDD5120C233DF00004A53 /* Main.storyboard in Resources */ = {isa = PBXBuildFile; fileRef = EB5EDD4F20C233DF00004A53 /* Main.storyboard */; };
		EB5EDD5320C233E100004A53 /* Assets.xcassets in Resources */ = {isa = PBXBuildFile; fileRef = EB5EDD5220C233E100004A53 /* Assets.xcassets */; };
		EB5EDD5620C233E100004A53 /* LaunchScreen.storyboard in Resources */ = {isa = PBXBuildFile; fileRef = EB5EDD5420C233E100004A53 /* LaunchScreen.storyboard */; };
		EB5EDD5920C233E100004A53 /* main.m in Sources */ = {isa = PBXBuildFile; fileRef = EB5EDD5820C233E100004A53 /* main.m */; };
		EB5EDD6320C233E100004A53 /* YYWebImageNoteTests.m in Sources */ = {isa = PBXBuildFile; fileRef = EB5EDD6220C233E100004A53 /* YYWebImageNoteTests.m */; };
		EB5EDD6E20C233E100004A53 /* YYWebImageNoteUITests.m in Sources */ = {isa = PBXBuildFile; fileRef = EB5EDD6D20C233E100004A53 /* YYWebImageNoteUITests.m */; };
		EB5EDD7D20C2780C00004A53 /* ProxyObject.m in Sources */ = {isa = PBXBuildFile; fileRef = EB5EDD7C20C2780C00004A53 /* ProxyObject.m */; };
		EB5EDD8020C27B1600004A53 /* NormalObject.m in Sources */ = {isa = PBXBuildFile; fileRef = EB5EDD7F20C27B1600004A53 /* NormalObject.m */; };
		FDF1251171780F390A918B4F /* libPods-YYWebImageNoteUITests.a in Frameworks */ = {isa = PBXBuildFile; fileRef = 91844F63DDCF4DA6B5B6266B /* libPods-YYWebImageNoteUITests.a */; };
/* End PBXBuildFile section */

/* Begin PBXContainerItemProxy section */
		EB5EDD5F20C233E100004A53 /* PBXContainerItemProxy */ = {
			isa = PBXContainerItemProxy;
			containerPortal = EB5EDD3E20C233DF00004A53 /* Project object */;
			proxyType = 1;
			remoteGlobalIDString = EB5EDD4520C233DF00004A53;
			remoteInfo = YYWebImageNote;
		};
		EB5EDD6A20C233E100004A53 /* PBXContainerItemProxy */ = {
			isa = PBXContainerItemProxy;
			containerPortal = EB5EDD3E20C233DF00004A53 /* Project object */;
			proxyType = 1;
			remoteGlobalIDString = EB5EDD4520C233DF00004A53;
			remoteInfo = YYWebImageNote;
		};
/* End PBXContainerItemProxy section */

/* Begin PBXFileReference section */
		413B741F9439EF3AA68384B7 /* Pods-YYWebImageNoteTests.debug.xcconfig */ = {isa = PBXFileReference; includeInIndex = 1; lastKnownFileType = text.xcconfig; name = "Pods-YYWebImageNoteTests.debug.xcconfig"; path = "Pods/Target Support Files/Pods-YYWebImageNoteTests/Pods-YYWebImageNoteTests.debug.xcconfig"; sourceTree = "<group>"; };
		49912162A3EC50ABD58EF983 /* Pods-YYWebImageNoteUITests.debug.xcconfig */ = {isa = PBXFileReference; includeInIndex = 1; lastKnownFileType = text.xcconfig; name = "Pods-YYWebImageNoteUITests.debug.xcconfig"; path = "Pods/Target Support Files/Pods-YYWebImageNoteUITests/Pods-YYWebImageNoteUITests.debug.xcconfig"; sourceTree = "<group>"; };
		5EDF4E32702E9E68DEF39F75 /* Pods-YYWebImageNoteTests.release.xcconfig */ = {isa = PBXFileReference; includeInIndex = 1; lastKnownFileType = text.xcconfig; name = "Pods-YYWebImageNoteTests.release.xcconfig"; path = "Pods/Target Support Files/Pods-YYWebImageNoteTests/Pods-YYWebImageNoteTests.release.xcconfig"; sourceTree = "<group>"; };
		80F46CFCDA3B97EC43D7C6C8 /* libPods-YYWebImageNote.a */ = {isa = PBXFileReference; explicitFileType = archive.ar; includeInIndex = 0; path = "libPods-YYWebImageNote.a"; sourceTree = BUILT_PRODUCTS_DIR; };
		8278E1689F65DAE3E13D1277 /* Pods-YYWebImageNoteUITests.release.xcconfig */ = {isa = PBXFileReference; includeInIndex = 1; lastKnownFileType = text.xcconfig; name = "Pods-YYWebImageNoteUITests.release.xcconfig"; path = "Pods/Target Support Files/Pods-YYWebImageNoteUITests/Pods-YYWebImageNoteUITests.release.xcconfig"; sourceTree = "<group>"; };
		91844F63DDCF4DA6B5B6266B /* libPods-YYWebImageNoteUITests.a */ = {isa = PBXFileReference; explicitFileType = archive.ar; includeInIndex = 0; path = "libPods-YYWebImageNoteUITests.a"; sourceTree = BUILT_PRODUCTS_DIR; };
		AB1A47044A3EEC8B603A9CDA /* Pods-YYWebImageNote.debug.xcconfig */ = {isa = PBXFileReference; includeInIndex = 1; lastKnownFileType = text.xcconfig; name = "Pods-YYWebImageNote.debug.xcconfig"; path = "Pods/Target Support Files/Pods-YYWebImageNote/Pods-YYWebImageNote.debug.xcconfig"; sourceTree = "<group>"; };
		B3ED2BE9AF432ABAD4F5035D /* Pods-YYWebImageNote.release.xcconfig */ = {isa = PBXFileReference; includeInIndex = 1; lastKnownFileType = text.xcconfig; name = "Pods-YYWebImageNote.release.xcconfig"; path = "Pods/Target Support Files/Pods-YYWebImageNote/Pods-YYWebImageNote.release.xcconfig"; sourceTree = "<group>"; };
		B99745CFADBEE5FFB2514F53 /* libPods-YYWebImageNoteTests.a */ = {isa = PBXFileReference; explicitFileType = archive.ar; includeInIndex = 0; path = "libPods-YYWebImageNoteTests.a"; sourceTree = BUILT_PRODUCTS_DIR; };
		EB5EDD4620C233DF00004A53 /* YYWebImageNote.app */ = {isa = PBXFileReference; explicitFileType = wrapper.application; includeInIndex = 0; path = YYWebImageNote.app; sourceTree = BUILT_PRODUCTS_DIR; };
		EB5EDD4920C233DF00004A53 /* AppDelegate.h */ = {isa = PBXFileReference; lastKnownFileType = sourcecode.c.h; path = AppDelegate.h; sourceTree = "<group>"; };
		EB5EDD4A20C233DF00004A53 /* AppDelegate.m */ = {isa = PBXFileReference; lastKnownFileType = sourcecode.c.objc; path = AppDelegate.m; sourceTree = "<group>"; };
		EB5EDD4C20C233DF00004A53 /* ViewController.h */ = {isa = PBXFileReference; lastKnownFileType = sourcecode.c.h; path = ViewController.h; sourceTree = "<group>"; };
		EB5EDD4D20C233DF00004A53 /* ViewController.m */ = {isa = PBXFileReference; lastKnownFileType = sourcecode.c.objc; path = ViewController.m; sourceTree = "<group>"; };
		EB5EDD5020C233DF00004A53 /* Base */ = {isa = PBXFileReference; lastKnownFileType = file.storyboard; name = Base; path = Base.lproj/Main.storyboard; sourceTree = "<group>"; };
		EB5EDD5220C233E100004A53 /* Assets.xcassets */ = {isa = PBXFileReference; lastKnownFileType = folder.assetcatalog; path = Assets.xcassets; sourceTree = "<group>"; };
		EB5EDD5520C233E100004A53 /* Base */ = {isa = PBXFileReference; lastKnownFileType = file.storyboard; name = Base; path = Base.lproj/LaunchScreen.storyboard; sourceTree = "<group>"; };
		EB5EDD5720C233E100004A53 /* Info.plist */ = {isa = PBXFileReference; lastKnownFileType = text.plist.xml; path = Info.plist; sourceTree = "<group>"; };
		EB5EDD5820C233E100004A53 /* main.m */ = {isa = PBXFileReference; lastKnownFileType = sourcecode.c.objc; path = main.m; sourceTree = "<group>"; };
		EB5EDD5E20C233E100004A53 /* YYWebImageNoteTests.xctest */ = {isa = PBXFileReference; explicitFileType = wrapper.cfbundle; includeInIndex = 0; path = YYWebImageNoteTests.xctest; sourceTree = BUILT_PRODUCTS_DIR; };
		EB5EDD6220C233E100004A53 /* YYWebImageNoteTests.m */ = {isa = PBXFileReference; lastKnownFileType = sourcecode.c.objc; path = YYWebImageNoteTests.m; sourceTree = "<group>"; };
		EB5EDD6420C233E100004A53 /* Info.plist */ = {isa = PBXFileReference; lastKnownFileType = text.plist.xml; path = Info.plist; sourceTree = "<group>"; };
		EB5EDD6920C233E100004A53 /* YYWebImageNoteUITests.xctest */ = {isa = PBXFileReference; explicitFileType = wrapper.cfbundle; includeInIndex = 0; path = YYWebImageNoteUITests.xctest; sourceTree = BUILT_PRODUCTS_DIR; };
		EB5EDD6D20C233E100004A53 /* YYWebImageNoteUITests.m */ = {isa = PBXFileReference; lastKnownFileType = sourcecode.c.objc; path = YYWebImageNoteUITests.m; sourceTree = "<group>"; };
		EB5EDD6F20C233E100004A53 /* Info.plist */ = {isa = PBXFileReference; lastKnownFileType = text.plist.xml; path = Info.plist; sourceTree = "<group>"; };
		EB5EDD7B20C2780C00004A53 /* ProxyObject.h */ = {isa = PBXFileReference; lastKnownFileType = sourcecode.c.h; path = ProxyObject.h; sourceTree = "<group>"; };
		EB5EDD7C20C2780C00004A53 /* ProxyObject.m */ = {isa = PBXFileReference; lastKnownFileType = sourcecode.c.objc; path = ProxyObject.m; sourceTree = "<group>"; };
		EB5EDD7E20C27B1600004A53 /* NormalObject.h */ = {isa = PBXFileReference; lastKnownFileType = sourcecode.c.h; path = NormalObject.h; sourceTree = "<group>"; };
		EB5EDD7F20C27B1600004A53 /* NormalObject.m */ = {isa = PBXFileReference; lastKnownFileType = sourcecode.c.objc; path = NormalObject.m; sourceTree = "<group>"; };
/* End PBXFileReference section */

/* Begin PBXFrameworksBuildPhase section */
		EB5EDD4320C233DF00004A53 /* Frameworks */ = {
			isa = PBXFrameworksBuildPhase;
			buildActionMask = 2147483647;
			files = (
				5A4C8648888E1DAF94AAF56C /* libPods-YYWebImageNote.a in Frameworks */,
			);
			runOnlyForDeploymentPostprocessing = 0;
		};
		EB5EDD5B20C233E100004A53 /* Frameworks */ = {
			isa = PBXFrameworksBuildPhase;
			buildActionMask = 2147483647;
			files = (
				32CCE6E6DCB74C3428CF281E /* libPods-YYWebImageNoteTests.a in Frameworks */,
			);
			runOnlyForDeploymentPostprocessing = 0;
		};
		EB5EDD6620C233E100004A53 /* Frameworks */ = {
			isa = PBXFrameworksBuildPhase;
			buildActionMask = 2147483647;
			files = (
				FDF1251171780F390A918B4F /* libPods-YYWebImageNoteUITests.a in Frameworks */,
			);
			runOnlyForDeploymentPostprocessing = 0;
		};
/* End PBXFrameworksBuildPhase section */

/* Begin PBXGroup section */
		06A9985D0E0D661BEB47CD1A /* Frameworks */ = {
			isa = PBXGroup;
			children = (
				80F46CFCDA3B97EC43D7C6C8 /* libPods-YYWebImageNote.a */,
				B99745CFADBEE5FFB2514F53 /* libPods-YYWebImageNoteTests.a */,
				91844F63DDCF4DA6B5B6266B /* libPods-YYWebImageNoteUITests.a */,
			);
			name = Frameworks;
			sourceTree = "<group>";
		};
		A173A4DD6577A2F21AA6A25F /* Pods */ = {
			isa = PBXGroup;
			children = (
				AB1A47044A3EEC8B603A9CDA /* Pods-YYWebImageNote.debug.xcconfig */,
				B3ED2BE9AF432ABAD4F5035D /* Pods-YYWebImageNote.release.xcconfig */,
				413B741F9439EF3AA68384B7 /* Pods-YYWebImageNoteTests.debug.xcconfig */,
				5EDF4E32702E9E68DEF39F75 /* Pods-YYWebImageNoteTests.release.xcconfig */,
				49912162A3EC50ABD58EF983 /* Pods-YYWebImageNoteUITests.debug.xcconfig */,
				8278E1689F65DAE3E13D1277 /* Pods-YYWebImageNoteUITests.release.xcconfig */,
			);
			name = Pods;
			sourceTree = "<group>";
		};
		EB5EDD3D20C233DF00004A53 = {
			isa = PBXGroup;
			children = (
				EB5EDD4820C233DF00004A53 /* YYWebImageNote */,
				EB5EDD6120C233E100004A53 /* YYWebImageNoteTests */,
				EB5EDD6C20C233E100004A53 /* YYWebImageNoteUITests */,
				EB5EDD4720C233DF00004A53 /* Products */,
				A173A4DD6577A2F21AA6A25F /* Pods */,
				06A9985D0E0D661BEB47CD1A /* Frameworks */,
			);
			sourceTree = "<group>";
		};
		EB5EDD4720C233DF00004A53 /* Products */ = {
			isa = PBXGroup;
			children = (
				EB5EDD4620C233DF00004A53 /* YYWebImageNote.app */,
				EB5EDD5E20C233E100004A53 /* YYWebImageNoteTests.xctest */,
				EB5EDD6920C233E100004A53 /* YYWebImageNoteUITests.xctest */,
			);
			name = Products;
			sourceTree = "<group>";
		};
		EB5EDD4820C233DF00004A53 /* YYWebImageNote */ = {
			isa = PBXGroup;
			children = (
				EB5EDD4920C233DF00004A53 /* AppDelegate.h */,
				EB5EDD4A20C233DF00004A53 /* AppDelegate.m */,
				EB5EDD4C20C233DF00004A53 /* ViewController.h */,
				EB5EDD4D20C233DF00004A53 /* ViewController.m */,
				EB5EDD4F20C233DF00004A53 /* Main.storyboard */,
				EB5EDD5220C233E100004A53 /* Assets.xcassets */,
				EB5EDD5420C233E100004A53 /* LaunchScreen.storyboard */,
				EB5EDD5720C233E100004A53 /* Info.plist */,
				EB5EDD5820C233E100004A53 /* main.m */,
				EB5EDD7B20C2780C00004A53 /* ProxyObject.h */,
				EB5EDD7C20C2780C00004A53 /* ProxyObject.m */,
				EB5EDD7E20C27B1600004A53 /* NormalObject.h */,
				EB5EDD7F20C27B1600004A53 /* NormalObject.m */,
			);
			path = YYWebImageNote;
			sourceTree = "<group>";
		};
		EB5EDD6120C233E100004A53 /* YYWebImageNoteTests */ = {
			isa = PBXGroup;
			children = (
				EB5EDD6220C233E100004A53 /* YYWebImageNoteTests.m */,
				EB5EDD6420C233E100004A53 /* Info.plist */,
			);
			path = YYWebImageNoteTests;
			sourceTree = "<group>";
		};
		EB5EDD6C20C233E100004A53 /* YYWebImageNoteUITests */ = {
			isa = PBXGroup;
			children = (
				EB5EDD6D20C233E100004A53 /* YYWebImageNoteUITests.m */,
				EB5EDD6F20C233E100004A53 /* Info.plist */,
			);
			path = YYWebImageNoteUITests;
			sourceTree = "<group>";
		};
/* End PBXGroup section */

/* Begin PBXNativeTarget section */
		EB5EDD4520C233DF00004A53 /* YYWebImageNote */ = {
			isa = PBXNativeTarget;
			buildConfigurationList = EB5EDD7220C233E100004A53 /* Build configuration list for PBXNativeTarget "YYWebImageNote" */;
			buildPhases = (
				259B0E146A314F66D4D4CD26 /* [CP] Check Pods Manifest.lock */,
				EB5EDD4220C233DF00004A53 /* Sources */,
				EB5EDD4320C233DF00004A53 /* Frameworks */,
				EB5EDD4420C233DF00004A53 /* Resources */,
				4C1AF328B7F95687736CA2EE /* [CP] Embed Pods Frameworks */,
				D982E71D0E14A92AF5F3B50A /* [CP] Copy Pods Resources */,
			);
			buildRules = (
			);
			dependencies = (
			);
			name = YYWebImageNote;
			productName = YYWebImageNote;
			productReference = EB5EDD4620C233DF00004A53 /* YYWebImageNote.app */;
			productType = "com.apple.product-type.application";
		};
		EB5EDD5D20C233E100004A53 /* YYWebImageNoteTests */ = {
			isa = PBXNativeTarget;
			buildConfigurationList = EB5EDD7520C233E100004A53 /* Build configuration list for PBXNativeTarget "YYWebImageNoteTests" */;
			buildPhases = (
				67DD8A6D85EF34D06EAC63BC /* [CP] Check Pods Manifest.lock */,
				EB5EDD5A20C233E100004A53 /* Sources */,
				EB5EDD5B20C233E100004A53 /* Frameworks */,
				EB5EDD5C20C233E100004A53 /* Resources */,
				A75D4F2249DC6BEE3D4D37A2 /* [CP] Embed Pods Frameworks */,
				49EE4932CCAD05B3CB3689EB /* [CP] Copy Pods Resources */,
			);
			buildRules = (
			);
			dependencies = (
				EB5EDD6020C233E100004A53 /* PBXTargetDependency */,
			);
			name = YYWebImageNoteTests;
			productName = YYWebImageNoteTests;
			productReference = EB5EDD5E20C233E100004A53 /* YYWebImageNoteTests.xctest */;
			productType = "com.apple.product-type.bundle.unit-test";
		};
		EB5EDD6820C233E100004A53 /* YYWebImageNoteUITests */ = {
			isa = PBXNativeTarget;
			buildConfigurationList = EB5EDD7820C233E100004A53 /* Build configuration list for PBXNativeTarget "YYWebImageNoteUITests" */;
			buildPhases = (
				9D99C5DE94A1C5A89A73BDF1 /* [CP] Check Pods Manifest.lock */,
				EB5EDD6520C233E100004A53 /* Sources */,
				EB5EDD6620C233E100004A53 /* Frameworks */,
				EB5EDD6720C233E100004A53 /* Resources */,
				12360A6478CE077C68073127 /* [CP] Embed Pods Frameworks */,
				37942E49C78A18D737DCB067 /* [CP] Copy Pods Resources */,
			);
			buildRules = (
			);
			dependencies = (
				EB5EDD6B20C233E100004A53 /* PBXTargetDependency */,
			);
			name = YYWebImageNoteUITests;
			productName = YYWebImageNoteUITests;
			productReference = EB5EDD6920C233E100004A53 /* YYWebImageNoteUITests.xctest */;
			productType = "com.apple.product-type.bundle.ui-testing";
		};
/* End PBXNativeTarget section */

/* Begin PBXProject section */
		EB5EDD3E20C233DF00004A53 /* Project object */ = {
			isa = PBXProject;
			attributes = {
				LastUpgradeCheck = 0930;
				ORGANIZATIONNAME = LeeWong;
				TargetAttributes = {
					EB5EDD4520C233DF00004A53 = {
						CreatedOnToolsVersion = 9.3;
					};
					EB5EDD5D20C233E100004A53 = {
						CreatedOnToolsVersion = 9.3;
						TestTargetID = EB5EDD4520C233DF00004A53;
					};
					EB5EDD6820C233E100004A53 = {
						CreatedOnToolsVersion = 9.3;
						TestTargetID = EB5EDD4520C233DF00004A53;
					};
				};
			};
			buildConfigurationList = EB5EDD4120C233DF00004A53 /* Build configuration list for PBXProject "YYWebImageNote" */;
			compatibilityVersion = "Xcode 9.3";
			developmentRegion = en;
			hasScannedForEncodings = 0;
			knownRegions = (
				en,
				Base,
			);
			mainGroup = EB5EDD3D20C233DF00004A53;
			productRefGroup = EB5EDD4720C233DF00004A53 /* Products */;
			projectDirPath = "";
			projectRoot = "";
			targets = (
				EB5EDD4520C233DF00004A53 /* YYWebImageNote */,
				EB5EDD5D20C233E100004A53 /* YYWebImageNoteTests */,
				EB5EDD6820C233E100004A53 /* YYWebImageNoteUITests */,
			);
		};
/* End PBXProject section */

/* Begin PBXResourcesBuildPhase section */
		EB5EDD4420C233DF00004A53 /* Resources */ = {
			isa = PBXResourcesBuildPhase;
			buildActionMask = 2147483647;
			files = (
				EB5EDD5620C233E100004A53 /* LaunchScreen.storyboard in Resources */,
				EB5EDD5320C233E100004A53 /* Assets.xcassets in Resources */,
				EB5EDD5120C233DF00004A53 /* Main.storyboard in Resources */,
			);
			runOnlyForDeploymentPostprocessing = 0;
		};
		EB5EDD5C20C233E100004A53 /* Resources */ = {
			isa = PBXResourcesBuildPhase;
			buildActionMask = 2147483647;
			files = (
			);
			runOnlyForDeploymentPostprocessing = 0;
		};
		EB5EDD6720C233E100004A53 /* Resources */ = {
			isa = PBXResourcesBuildPhase;
			buildActionMask = 2147483647;
			files = (
			);
			runOnlyForDeploymentPostprocessing = 0;
		};
/* End PBXResourcesBuildPhase section */

/* Begin PBXShellScriptBuildPhase section */
		12360A6478CE077C68073127 /* [CP] Embed Pods Frameworks */ = {
			isa = PBXShellScriptBuildPhase;
			buildActionMask = 2147483647;
			files = (
			);
			inputPaths = (
			);
			name = "[CP] Embed Pods Frameworks";
			outputPaths = (
			);
			runOnlyForDeploymentPostprocessing = 0;
			shellPath = /bin/sh;
			shellScript = "\"${SRCROOT}/Pods/Target Support Files/Pods-YYWebImageNoteUITests/Pods-YYWebImageNoteUITests-frameworks.sh\"\n";
			showEnvVarsInLog = 0;
		};
		259B0E146A314F66D4D4CD26 /* [CP] Check Pods Manifest.lock */ = {
			isa = PBXShellScriptBuildPhase;
			buildActionMask = 2147483647;
			files = (
			);
			inputPaths = (
			);
			name = "[CP] Check Pods Manifest.lock";
			outputPaths = (
			);
			runOnlyForDeploymentPostprocessing = 0;
			shellPath = /bin/sh;
			shellScript = "diff \"${PODS_PODFILE_DIR_PATH}/Podfile.lock\" \"${PODS_ROOT}/Manifest.lock\" > /dev/null\nif [ $? != 0 ] ; then\n    # print error to STDERR\n    echo \"error: The sandbox is not in sync with the Podfile.lock. Run 'pod install' or update your CocoaPods installation.\" >&2\n    exit 1\nfi\n";
			showEnvVarsInLog = 0;
		};
		37942E49C78A18D737DCB067 /* [CP] Copy Pods Resources */ = {
			isa = PBXShellScriptBuildPhase;
			buildActionMask = 2147483647;
			files = (
			);
			inputPaths = (
			);
			name = "[CP] Copy Pods Resources";
			outputPaths = (
			);
			runOnlyForDeploymentPostprocessing = 0;
			shellPath = /bin/sh;
			shellScript = "\"${SRCROOT}/Pods/Target Support Files/Pods-YYWebImageNoteUITests/Pods-YYWebImageNoteUITests-resources.sh\"\n";
			showEnvVarsInLog = 0;
		};
		49EE4932CCAD05B3CB3689EB /* [CP] Copy Pods Resources */ = {
			isa = PBXShellScriptBuildPhase;
			buildActionMask = 2147483647;
			files = (
			);
			inputPaths = (
			);
			name = "[CP] Copy Pods Resources";
			outputPaths = (
			);
			runOnlyForDeploymentPostprocessing = 0;
			shellPath = /bin/sh;
			shellScript = "\"${SRCROOT}/Pods/Target Support Files/Pods-YYWebImageNoteTests/Pods-YYWebImageNoteTests-resources.sh\"\n";
			showEnvVarsInLog = 0;
		};
		4C1AF328B7F95687736CA2EE /* [CP] Embed Pods Frameworks */ = {
			isa = PBXShellScriptBuildPhase;
			buildActionMask = 2147483647;
			files = (
			);
			inputPaths = (
			);
			name = "[CP] Embed Pods Frameworks";
			outputPaths = (
			);
			runOnlyForDeploymentPostprocessing = 0;
			shellPath = /bin/sh;
			shellScript = "\"${SRCROOT}/Pods/Target Support Files/Pods-YYWebImageNote/Pods-YYWebImageNote-frameworks.sh\"\n";
			showEnvVarsInLog = 0;
		};
		67DD8A6D85EF34D06EAC63BC /* [CP] Check Pods Manifest.lock */ = {
			isa = PBXShellScriptBuildPhase;
			buildActionMask = 2147483647;
			files = (
			);
			inputPaths = (
			);
			name = "[CP] Check Pods Manifest.lock";
			outputPaths = (
			);
			runOnlyForDeploymentPostprocessing = 0;
			shellPath = /bin/sh;
			shellScript = "diff \"${PODS_PODFILE_DIR_PATH}/Podfile.lock\" \"${PODS_ROOT}/Manifest.lock\" > /dev/null\nif [ $? != 0 ] ; then\n    # print error to STDERR\n    echo \"error: The sandbox is not in sync with the Podfile.lock. Run 'pod install' or update your CocoaPods installation.\" >&2\n    exit 1\nfi\n";
			showEnvVarsInLog = 0;
		};
		9D99C5DE94A1C5A89A73BDF1 /* [CP] Check Pods Manifest.lock */ = {
			isa = PBXShellScriptBuildPhase;
			buildActionMask = 2147483647;
			files = (
			);
			inputPaths = (
			);
			name = "[CP] Check Pods Manifest.lock";
			outputPaths = (
			);
			runOnlyForDeploymentPostprocessing = 0;
			shellPath = /bin/sh;
			shellScript = "diff \"${PODS_PODFILE_DIR_PATH}/Podfile.lock\" \"${PODS_ROOT}/Manifest.lock\" > /dev/null\nif [ $? != 0 ] ; then\n    # print error to STDERR\n    echo \"error: The sandbox is not in sync with the Podfile.lock. Run 'pod install' or update your CocoaPods installation.\" >&2\n    exit 1\nfi\n";
			showEnvVarsInLog = 0;
		};
		A75D4F2249DC6BEE3D4D37A2 /* [CP] Embed Pods Frameworks */ = {
			isa = PBXShellScriptBuildPhase;
			buildActionMask = 2147483647;
			files = (
			);
			inputPaths = (
			);
			name = "[CP] Embed Pods Frameworks";
			outputPaths = (
			);
			runOnlyForDeploymentPostprocessing = 0;
			shellPath = /bin/sh;
			shellScript = "\"${SRCROOT}/Pods/Target Support Files/Pods-YYWebImageNoteTests/Pods-YYWebImageNoteTests-frameworks.sh\"\n";
			showEnvVarsInLog = 0;
		};
		D982E71D0E14A92AF5F3B50A /* [CP] Copy Pods Resources */ = {
			isa = PBXShellScriptBuildPhase;
			buildActionMask = 2147483647;
			files = (
			);
			inputPaths = (
			);
			name = "[CP] Copy Pods Resources";
			outputPaths = (
			);
			runOnlyForDeploymentPostprocessing = 0;
			shellPath = /bin/sh;
			shellScript = "\"${SRCROOT}/Pods/Target Support Files/Pods-YYWebImageNote/Pods-YYWebImageNote-resources.sh\"\n";
			showEnvVarsInLog = 0;
		};
/* End PBXShellScriptBuildPhase section */

/* Begin PBXSourcesBuildPhase section */
		EB5EDD4220C233DF00004A53 /* Sources */ = {
			isa = PBXSourcesBuildPhase;
			buildActionMask = 2147483647;
			files = (
				EB5EDD4E20C233DF00004A53 /* ViewController.m in Sources */,
				EB5EDD7D20C2780C00004A53 /* ProxyObject.m in Sources */,
				EB5EDD8020C27B1600004A53 /* NormalObject.m in Sources */,
				EB5EDD5920C233E100004A53 /* main.m in Sources */,
				EB5EDD4B20C233DF00004A53 /* AppDelegate.m in Sources */,
			);
			runOnlyForDeploymentPostprocessing = 0;
		};
		EB5EDD5A20C233E100004A53 /* Sources */ = {
			isa = PBXSourcesBuildPhase;
			buildActionMask = 2147483647;
			files = (
				EB5EDD6320C233E100004A53 /* YYWebImageNoteTests.m in Sources */,
			);
			runOnlyForDeploymentPostprocessing = 0;
		};
		EB5EDD6520C233E100004A53 /* Sources */ = {
			isa = PBXSourcesBuildPhase;
			buildActionMask = 2147483647;
			files = (
				EB5EDD6E20C233E100004A53 /* YYWebImageNoteUITests.m in Sources */,
			);
			runOnlyForDeploymentPostprocessing = 0;
		};
/* End PBXSourcesBuildPhase section */

/* Begin PBXTargetDependency section */
		EB5EDD6020C233E100004A53 /* PBXTargetDependency */ = {
			isa = PBXTargetDependency;
			target = EB5EDD4520C233DF00004A53 /* YYWebImageNote */;
			targetProxy = EB5EDD5F20C233E100004A53 /* PBXContainerItemProxy */;
		};
		EB5EDD6B20C233E100004A53 /* PBXTargetDependency */ = {
			isa = PBXTargetDependency;
			target = EB5EDD4520C233DF00004A53 /* YYWebImageNote */;
			targetProxy = EB5EDD6A20C233E100004A53 /* PBXContainerItemProxy */;
		};
/* End PBXTargetDependency section */

/* Begin PBXVariantGroup section */
		EB5EDD4F20C233DF00004A53 /* Main.storyboard */ = {
			isa = PBXVariantGroup;
			children = (
				EB5EDD5020C233DF00004A53 /* Base */,
			);
			name = Main.storyboard;
			sourceTree = "<group>";
		};
		EB5EDD5420C233E100004A53 /* LaunchScreen.storyboard */ = {
			isa = PBXVariantGroup;
			children = (
				EB5EDD5520C233E100004A53 /* Base */,
			);
			name = LaunchScreen.storyboard;
			sourceTree = "<group>";
		};
/* End PBXVariantGroup section */

/* Begin XCBuildConfiguration section */
		EB5EDD7020C233E100004A53 /* Debug */ = {
			isa = XCBuildConfiguration;
			buildSettings = {
				ALWAYS_SEARCH_USER_PATHS = NO;
				CLANG_ANALYZER_NONNULL = YES;
				CLANG_ANALYZER_NUMBER_OBJECT_CONVERSION = YES_AGGRESSIVE;
				CLANG_CXX_LANGUAGE_STANDARD = "gnu++14";
				CLANG_CXX_LIBRARY = "libc++";
				CLANG_ENABLE_MODULES = YES;
				CLANG_ENABLE_OBJC_ARC = YES;
				CLANG_ENABLE_OBJC_WEAK = YES;
				CLANG_WARN_BLOCK_CAPTURE_AUTORELEASING = YES;
				CLANG_WARN_BOOL_CONVERSION = YES;
				CLANG_WARN_COMMA = YES;
				CLANG_WARN_CONSTANT_CONVERSION = YES;
				CLANG_WARN_DEPRECATED_OBJC_IMPLEMENTATIONS = YES;
				CLANG_WARN_DIRECT_OBJC_ISA_USAGE = YES_ERROR;
				CLANG_WARN_DOCUMENTATION_COMMENTS = YES;
				CLANG_WARN_EMPTY_BODY = YES;
				CLANG_WARN_ENUM_CONVERSION = YES;
				CLANG_WARN_INFINITE_RECURSION = YES;
				CLANG_WARN_INT_CONVERSION = YES;
				CLANG_WARN_NON_LITERAL_NULL_CONVERSION = YES;
				CLANG_WARN_OBJC_IMPLICIT_RETAIN_SELF = YES;
				CLANG_WARN_OBJC_LITERAL_CONVERSION = YES;
				CLANG_WARN_OBJC_ROOT_CLASS = YES_ERROR;
				CLANG_WARN_RANGE_LOOP_ANALYSIS = YES;
				CLANG_WARN_STRICT_PROTOTYPES = YES;
				CLANG_WARN_SUSPICIOUS_MOVE = YES;
				CLANG_WARN_UNGUARDED_AVAILABILITY = YES_AGGRESSIVE;
				CLANG_WARN_UNREACHABLE_CODE = YES;
				CLANG_WARN__DUPLICATE_METHOD_MATCH = YES;
				CODE_SIGN_IDENTITY = "iPhone Developer";
				COPY_PHASE_STRIP = NO;
				DEBUG_INFORMATION_FORMAT = dwarf;
				ENABLE_STRICT_OBJC_MSGSEND = YES;
				ENABLE_TESTABILITY = YES;
				GCC_C_LANGUAGE_STANDARD = gnu11;
				GCC_DYNAMIC_NO_PIC = NO;
				GCC_NO_COMMON_BLOCKS = YES;
				GCC_OPTIMIZATION_LEVEL = 0;
				GCC_PREPROCESSOR_DEFINITIONS = (
					"DEBUG=1",
					"$(inherited)",
				);
				GCC_WARN_64_TO_32_BIT_CONVERSION = YES;
				GCC_WARN_ABOUT_RETURN_TYPE = YES_ERROR;
				GCC_WARN_UNDECLARED_SELECTOR = YES;
				GCC_WARN_UNINITIALIZED_AUTOS = YES_AGGRESSIVE;
				GCC_WARN_UNUSED_FUNCTION = YES;
				GCC_WARN_UNUSED_VARIABLE = YES;
				IPHONEOS_DEPLOYMENT_TARGET = 11.3;
				MTL_ENABLE_DEBUG_INFO = YES;
				ONLY_ACTIVE_ARCH = YES;
				SDKROOT = iphoneos;
			};
			name = Debug;
		};
		EB5EDD7120C233E100004A53 /* Release */ = {
			isa = XCBuildConfiguration;
			buildSettings = {
				ALWAYS_SEARCH_USER_PATHS = NO;
				CLANG_ANALYZER_NONNULL = YES;
				CLANG_ANALYZER_NUMBER_OBJECT_CONVERSION = YES_AGGRESSIVE;
				CLANG_CXX_LANGUAGE_STANDARD = "gnu++14";
				CLANG_CXX_LIBRARY = "libc++";
				CLANG_ENABLE_MODULES = YES;
				CLANG_ENABLE_OBJC_ARC = YES;
				CLANG_ENABLE_OBJC_WEAK = YES;
				CLANG_WARN_BLOCK_CAPTURE_AUTORELEASING = YES;
				CLANG_WARN_BOOL_CONVERSION = YES;
				CLANG_WARN_COMMA = YES;
				CLANG_WARN_CONSTANT_CONVERSION = YES;
				CLANG_WARN_DEPRECATED_OBJC_IMPLEMENTATIONS = YES;
				CLANG_WARN_DIRECT_OBJC_ISA_USAGE = YES_ERROR;
				CLANG_WARN_DOCUMENTATION_COMMENTS = YES;
				CLANG_WARN_EMPTY_BODY = YES;
				CLANG_WARN_ENUM_CONVERSION = YES;
				CLANG_WARN_INFINITE_RECURSION = YES;
				CLANG_WARN_INT_CONVERSION = YES;
				CLANG_WARN_NON_LITERAL_NULL_CONVERSION = YES;
				CLANG_WARN_OBJC_IMPLICIT_RETAIN_SELF = YES;
				CLANG_WARN_OBJC_LITERAL_CONVERSION = YES;
				CLANG_WARN_OBJC_ROOT_CLASS = YES_ERROR;
				CLANG_WARN_RANGE_LOOP_ANALYSIS = YES;
				CLANG_WARN_STRICT_PROTOTYPES = YES;
				CLANG_WARN_SUSPICIOUS_MOVE = YES;
				CLANG_WARN_UNGUARDED_AVAILABILITY = YES_AGGRESSIVE;
				CLANG_WARN_UNREACHABLE_CODE = YES;
				CLANG_WARN__DUPLICATE_METHOD_MATCH = YES;
				CODE_SIGN_IDENTITY = "iPhone Developer";
				COPY_PHASE_STRIP = NO;
				DEBUG_INFORMATION_FORMAT = "dwarf-with-dsym";
				ENABLE_NS_ASSERTIONS = NO;
				ENABLE_STRICT_OBJC_MSGSEND = YES;
				GCC_C_LANGUAGE_STANDARD = gnu11;
				GCC_NO_COMMON_BLOCKS = YES;
				GCC_WARN_64_TO_32_BIT_CONVERSION = YES;
				GCC_WARN_ABOUT_RETURN_TYPE = YES_ERROR;
				GCC_WARN_UNDECLARED_SELECTOR = YES;
				GCC_WARN_UNINITIALIZED_AUTOS = YES_AGGRESSIVE;
				GCC_WARN_UNUSED_FUNCTION = YES;
				GCC_WARN_UNUSED_VARIABLE = YES;
				IPHONEOS_DEPLOYMENT_TARGET = 11.3;
				MTL_ENABLE_DEBUG_INFO = NO;
				SDKROOT = iphoneos;
				VALIDATE_PRODUCT = YES;
			};
			name = Release;
		};
		EB5EDD7320C233E100004A53 /* Debug */ = {
			isa = XCBuildConfiguration;
			baseConfigurationReference = AB1A47044A3EEC8B603A9CDA /* Pods-YYWebImageNote.debug.xcconfig */;
			buildSettings = {
				ASSETCATALOG_COMPILER_APPICON_NAME = AppIcon;
				CODE_SIGN_STYLE = Automatic;
				DEVELOPMENT_TEAM = XWNPFKK4U5;
				INFOPLIST_FILE = YYWebImageNote/Info.plist;
				LD_RUNPATH_SEARCH_PATHS = (
					"$(inherited)",
					"@executable_path/Frameworks",
				);
				PRODUCT_BUNDLE_IDENTIFIER = com.lee.YYWebImageNote;
				PRODUCT_NAME = "$(TARGET_NAME)";
				TARGETED_DEVICE_FAMILY = "1,2";
			};
			name = Debug;
		};
		EB5EDD7420C233E100004A53 /* Release */ = {
			isa = XCBuildConfiguration;
			baseConfigurationReference = B3ED2BE9AF432ABAD4F5035D /* Pods-YYWebImageNote.release.xcconfig */;
			buildSettings = {
				ASSETCATALOG_COMPILER_APPICON_NAME = AppIcon;
				CODE_SIGN_STYLE = Automatic;
				DEVELOPMENT_TEAM = XWNPFKK4U5;
				INFOPLIST_FILE = YYWebImageNote/Info.plist;
				LD_RUNPATH_SEARCH_PATHS = (
					"$(inherited)",
					"@executable_path/Frameworks",
				);
				PRODUCT_BUNDLE_IDENTIFIER = com.lee.YYWebImageNote;
				PRODUCT_NAME = "$(TARGET_NAME)";
				TARGETED_DEVICE_FAMILY = "1,2";
			};
			name = Release;
		};
		EB5EDD7620C233E100004A53 /* Debug */ = {
			isa = XCBuildConfiguration;
			baseConfigurationReference = 413B741F9439EF3AA68384B7 /* Pods-YYWebImageNoteTests.debug.xcconfig */;
			buildSettings = {
				BUNDLE_LOADER = "$(TEST_HOST)";
				CODE_SIGN_STYLE = Automatic;
				DEVELOPMENT_TEAM = XWNPFKK4U5;
				INFOPLIST_FILE = YYWebImageNoteTests/Info.plist;
				LD_RUNPATH_SEARCH_PATHS = (
					"$(inherited)",
					"@executable_path/Frameworks",
					"@loader_path/Frameworks",
				);
				PRODUCT_BUNDLE_IDENTIFIER = com.lee.YYWebImageNoteTests;
				PRODUCT_NAME = "$(TARGET_NAME)";
				TARGETED_DEVICE_FAMILY = "1,2";
				TEST_HOST = "$(BUILT_PRODUCTS_DIR)/YYWebImageNote.app/YYWebImageNote";
			};
			name = Debug;
		};
		EB5EDD7720C233E100004A53 /* Release */ = {
			isa = XCBuildConfiguration;
			baseConfigurationReference = 5EDF4E32702E9E68DEF39F75 /* Pods-YYWebImageNoteTests.release.xcconfig */;
			buildSettings = {
				BUNDLE_LOADER = "$(TEST_HOST)";
				CODE_SIGN_STYLE = Automatic;
				DEVELOPMENT_TEAM = XWNPFKK4U5;
				INFOPLIST_FILE = YYWebImageNoteTests/Info.plist;
				LD_RUNPATH_SEARCH_PATHS = (
					"$(inherited)",
					"@executable_path/Frameworks",
					"@loader_path/Frameworks",
				);
				PRODUCT_BUNDLE_IDENTIFIER = com.lee.YYWebImageNoteTests;
				PRODUCT_NAME = "$(TARGET_NAME)";
				TARGETED_DEVICE_FAMILY = "1,2";
				TEST_HOST = "$(BUILT_PRODUCTS_DIR)/YYWebImageNote.app/YYWebImageNote";
			};
			name = Release;
		};
		EB5EDD7920C233E100004A53 /* Debug */ = {
			isa = XCBuildConfiguration;
			baseConfigurationReference = 49912162A3EC50ABD58EF983 /* Pods-YYWebImageNoteUITests.debug.xcconfig */;
			buildSettings = {
				CODE_SIGN_STYLE = Automatic;
				DEVELOPMENT_TEAM = XWNPFKK4U5;
				INFOPLIST_FILE = YYWebImageNoteUITests/Info.plist;
				LD_RUNPATH_SEARCH_PATHS = (
					"$(inherited)",
					"@executable_path/Frameworks",
					"@loader_path/Frameworks",
				);
				PRODUCT_BUNDLE_IDENTIFIER = com.lee.YYWebImageNoteUITests;
				PRODUCT_NAME = "$(TARGET_NAME)";
				TARGETED_DEVICE_FAMILY = "1,2";
				TEST_TARGET_NAME = YYWebImageNote;
			};
			name = Debug;
		};
		EB5EDD7A20C233E100004A53 /* Release */ = {
			isa = XCBuildConfiguration;
			baseConfigurationReference = 8278E1689F65DAE3E13D1277 /* Pods-YYWebImageNoteUITests.release.xcconfig */;
			buildSettings = {
				CODE_SIGN_STYLE = Automatic;
				DEVELOPMENT_TEAM = XWNPFKK4U5;
				INFOPLIST_FILE = YYWebImageNoteUITests/Info.plist;
				LD_RUNPATH_SEARCH_PATHS = (
					"$(inherited)",
					"@executable_path/Frameworks",
					"@loader_path/Frameworks",
				);
				PRODUCT_BUNDLE_IDENTIFIER = com.lee.YYWebImageNoteUITests;
				PRODUCT_NAME = "$(TARGET_NAME)";
				TARGETED_DEVICE_FAMILY = "1,2";
				TEST_TARGET_NAME = YYWebImageNote;
			};
			name = Release;
		};
/* End XCBuildConfiguration section */

/* Begin XCConfigurationList section */
		EB5EDD4120C233DF00004A53 /* Build configuration list for PBXProject "YYWebImageNote" */ = {
			isa = XCConfigurationList;
			buildConfigurations = (
				EB5EDD7020C233E100004A53 /* Debug */,
				EB5EDD7120C233E100004A53 /* Release */,
			);
			defaultConfigurationIsVisible = 0;
			defaultConfigurationName = Release;
		};
		EB5EDD7220C233E100004A53 /* Build configuration list for PBXNativeTarget "YYWebImageNote" */ = {
			isa = XCConfigurationList;
			buildConfigurations = (
				EB5EDD7320C233E100004A53 /* Debug */,
				EB5EDD7420C233E100004A53 /* Release */,
			);
			defaultConfigurationIsVisible = 0;
			defaultConfigurationName = Release;
		};
		EB5EDD7520C233E100004A53 /* Build configuration list for PBXNativeTarget "YYWebImageNoteTests" */ = {
			isa = XCConfigurationList;
			buildConfigurations = (
				EB5EDD7620C233E100004A53 /* Debug */,
				EB5EDD7720C233E100004A53 /* Release */,
			);
			defaultConfigurationIsVisible = 0;
			defaultConfigurationName = Release;
		};
		EB5EDD7820C233E100004A53 /* Build configuration list for PBXNativeTarget "YYWebImageNoteUITests" */ = {
			isa = XCConfigurationList;
			buildConfigurations = (
				EB5EDD7920C233E100004A53 /* Debug */,
				EB5EDD7A20C233E100004A53 /* Release */,
			);
			defaultConfigurationIsVisible = 0;
			defaultConfigurationName = Release;
		};
/* End XCConfigurationList section */
	};
	rootObject = EB5EDD3E20C233DF00004A53 /* Project object */;
}
